// !$*UTF8*$!
{
	archiveVersion = 1;
	classes = {
	};
	objectVersion = 46;
	objects = {

/* Begin PBXBuildFile section */
		C2109C3B1D537700001610CC /* main.cpp in Sources */ = {isa = PBXBuildFile; fileRef = C2109C3A1D537700001610CC /* main.cpp */; };
		C2109C471D578CF3001610CC /* simulation.cpp in Sources */ = {isa = PBXBuildFile; fileRef = C2109C451D578CF3001610CC /* simulation.cpp */; };
		C2109C4A1D57918D001610CC /* environment.cpp in Sources */ = {isa = PBXBuildFile; fileRef = C2109C481D57918D001610CC /* environment.cpp */; };
		C2109C4D1D57D09F001610CC /* agent.cpp in Sources */ = {isa = PBXBuildFile; fileRef = C2109C4B1D57D09F001610CC /* agent.cpp */; };
		C24534501D67B831008E89C3 /* problem.cpp in Sources */ = {isa = PBXBuildFile; fileRef = C245344E1D67B831008E89C3 /* problem.cpp */; };
		C258563D1D6CF26400D8762E /* path_searcher.cpp in Sources */ = {isa = PBXBuildFile; fileRef = C258563B1D6CF26400D8762E /* path_searcher.cpp */; };
		C25856401D6CF40600D8762E /* state.cpp in Sources */ = {isa = PBXBuildFile; fileRef = C258563E1D6CF40600D8762E /* state.cpp */; };
		C25856421D6E1AF400D8762E /* sensor.cpp in Sources */ = {isa = PBXBuildFile; fileRef = C25856411D6E1AF400D8762E /* sensor.cpp */; };
		C25856441D6F86C100D8762E /* dirt_sensor.cpp in Sources */ = {isa = PBXBuildFile; fileRef = C25856431D6F86C100D8762E /* dirt_sensor.cpp */; };
		C25856461D6F8ED400D8762E /* proximity_sensor.cpp in Sources */ = {isa = PBXBuildFile; fileRef = C25856451D6F8ED400D8762E /* proximity_sensor.cpp */; };
		C25856481D6F8FD700D8762E /* direction_sensor.cpp in Sources */ = {isa = PBXBuildFile; fileRef = C25856471D6F8FD700D8762E /* direction_sensor.cpp */; };
		C258564A1D6F909600D8762E /* location_sensor.cpp in Sources */ = {isa = PBXBuildFile; fileRef = C25856491D6F909600D8762E /* location_sensor.cpp */; };
		C268F0701D6906F2008A63DB /* strategy.cpp in Sources */ = {isa = PBXBuildFile; fileRef = C268F06E1D6906F2008A63DB /* strategy.cpp */; };
		C268F0791D6A1AB2008A63DB /* model.cpp in Sources */ = {isa = PBXBuildFile; fileRef = C268F0771D6A1AB2008A63DB /* model.cpp */; };
		C2A0BDDD1D79023700B1399E /* actuator.cpp in Sources */ = {isa = PBXBuildFile; fileRef = C2A0BDDB1D79023700B1399E /* actuator.cpp */; };
		C2FEE65D1D71FFF1007B0FF8 /* visualizer.cpp in Sources */ = {isa = PBXBuildFile; fileRef = C2FEE65B1D71FFF1007B0FF8 /* visualizer.cpp */; };
/* End PBXBuildFile section */

/* Begin PBXCopyFilesBuildPhase section */
		C2109C351D537700001610CC /* CopyFiles */ = {
			isa = PBXCopyFilesBuildPhase;
			buildActionMask = 2147483647;
			dstPath = /usr/share/man/man1/;
			dstSubfolderSpec = 0;
			files = (
			);
			runOnlyForDeploymentPostprocessing = 1;
		};
/* End PBXCopyFilesBuildPhase section */

/* Begin PBXFileReference section */
		C2109C371D537700001610CC /* VacuumSimulator */ = {isa = PBXFileReference; explicitFileType = "compiled.mach-o.executable"; includeInIndex = 0; path = VacuumSimulator; sourceTree = BUILT_PRODUCTS_DIR; };
		C2109C3A1D537700001610CC /* main.cpp */ = {isa = PBXFileReference; lastKnownFileType = sourcecode.cpp.cpp; path = main.cpp; sourceTree = "<group>"; };
		C2109C451D578CF3001610CC /* simulation.cpp */ = {isa = PBXFileReference; fileEncoding = 4; lastKnownFileType = sourcecode.cpp.cpp; path = simulation.cpp; sourceTree = "<group>"; };
		C2109C461D578CF3001610CC /* simulation.hpp */ = {isa = PBXFileReference; fileEncoding = 4; lastKnownFileType = sourcecode.cpp.h; path = simulation.hpp; sourceTree = "<group>"; };
		C2109C481D57918D001610CC /* environment.cpp */ = {isa = PBXFileReference; fileEncoding = 4; lastKnownFileType = sourcecode.cpp.cpp; path = environment.cpp; sourceTree = "<group>"; };
		C2109C491D57918D001610CC /* environment.hpp */ = {isa = PBXFileReference; fileEncoding = 4; lastKnownFileType = sourcecode.cpp.h; path = environment.hpp; sourceTree = "<group>"; };
		C2109C4B1D57D09F001610CC /* agent.cpp */ = {isa = PBXFileReference; fileEncoding = 4; lastKnownFileType = sourcecode.cpp.cpp; path = agent.cpp; sourceTree = "<group>"; };
		C2109C4C1D57D09F001610CC /* agent.hpp */ = {isa = PBXFileReference; fileEncoding = 4; lastKnownFileType = sourcecode.cpp.h; path = agent.hpp; sourceTree = "<group>"; };
		C2109C5B1D593E1E001610CC /* sensor.hpp */ = {isa = PBXFileReference; fileEncoding = 4; lastKnownFileType = sourcecode.cpp.h; path = sensor.hpp; sourceTree = "<group>"; };
		C23A72861D676BE400C3AE71 /* dirt_sensor.hpp */ = {isa = PBXFileReference; fileEncoding = 4; lastKnownFileType = sourcecode.cpp.h; path = dirt_sensor.hpp; sourceTree = "<group>"; };
		C245344E1D67B831008E89C3 /* problem.cpp */ = {isa = PBXFileReference; fileEncoding = 4; lastKnownFileType = sourcecode.cpp.cpp; path = problem.cpp; sourceTree = "<group>"; };
		C245344F1D67B831008E89C3 /* problem.hpp */ = {isa = PBXFileReference; fileEncoding = 4; lastKnownFileType = sourcecode.cpp.h; path = problem.hpp; sourceTree = "<group>"; };
		C25856361D6BA20700D8762E /* direction_sensor.hpp */ = {isa = PBXFileReference; fileEncoding = 4; lastKnownFileType = sourcecode.cpp.h; path = direction_sensor.hpp; sourceTree = "<group>"; };
		C25856391D6BA21D00D8762E /* location_sensor.hpp */ = {isa = PBXFileReference; fileEncoding = 4; lastKnownFileType = sourcecode.cpp.h; path = location_sensor.hpp; sourceTree = "<group>"; };
		C258563B1D6CF26400D8762E /* path_searcher.cpp */ = {isa = PBXFileReference; fileEncoding = 4; lastKnownFileType = sourcecode.cpp.cpp; path = path_searcher.cpp; sourceTree = "<group>"; };
		C258563C1D6CF26400D8762E /* path_searcher.hpp */ = {isa = PBXFileReference; fileEncoding = 4; lastKnownFileType = sourcecode.cpp.h; path = path_searcher.hpp; sourceTree = "<group>"; };
		C258563E1D6CF40600D8762E /* state.cpp */ = {isa = PBXFileReference; fileEncoding = 4; lastKnownFileType = sourcecode.cpp.cpp; path = state.cpp; sourceTree = "<group>"; };
		C258563F1D6CF40600D8762E /* state.hpp */ = {isa = PBXFileReference; fileEncoding = 4; lastKnownFileType = sourcecode.cpp.h; path = state.hpp; sourceTree = "<group>"; };
		C25856411D6E1AF400D8762E /* sensor.cpp */ = {isa = PBXFileReference; fileEncoding = 4; lastKnownFileType = sourcecode.cpp.cpp; path = sensor.cpp; sourceTree = "<group>"; };
		C25856431D6F86C100D8762E /* dirt_sensor.cpp */ = {isa = PBXFileReference; fileEncoding = 4; lastKnownFileType = sourcecode.cpp.cpp; path = dirt_sensor.cpp; sourceTree = "<group>"; };
		C25856451D6F8ED400D8762E /* proximity_sensor.cpp */ = {isa = PBXFileReference; fileEncoding = 4; lastKnownFileType = sourcecode.cpp.cpp; path = proximity_sensor.cpp; sourceTree = "<group>"; };
		C25856471D6F8FD700D8762E /* direction_sensor.cpp */ = {isa = PBXFileReference; fileEncoding = 4; lastKnownFileType = sourcecode.cpp.cpp; path = direction_sensor.cpp; sourceTree = "<group>"; };
		C25856491D6F909600D8762E /* location_sensor.cpp */ = {isa = PBXFileReference; fileEncoding = 4; lastKnownFileType = sourcecode.cpp.cpp; path = location_sensor.cpp; sourceTree = "<group>"; };
		C268F06E1D6906F2008A63DB /* strategy.cpp */ = {isa = PBXFileReference; fileEncoding = 4; lastKnownFileType = sourcecode.cpp.cpp; path = strategy.cpp; sourceTree = "<group>"; };
		C268F06F1D6906F2008A63DB /* strategy.hpp */ = {isa = PBXFileReference; fileEncoding = 4; lastKnownFileType = sourcecode.cpp.h; path = strategy.hpp; sourceTree = "<group>"; };
		C268F0751D6A06CA008A63DB /* proximity_sensor.hpp */ = {isa = PBXFileReference; fileEncoding = 4; lastKnownFileType = sourcecode.cpp.h; path = proximity_sensor.hpp; sourceTree = "<group>"; };
		C268F0771D6A1AB2008A63DB /* model.cpp */ = {isa = PBXFileReference; fileEncoding = 4; lastKnownFileType = sourcecode.cpp.cpp; path = model.cpp; sourceTree = "<group>"; };
		C268F0781D6A1AB2008A63DB /* model.hpp */ = {isa = PBXFileReference; fileEncoding = 4; lastKnownFileType = sourcecode.cpp.h; path = model.hpp; sourceTree = "<group>"; };
		C2A0BDDB1D79023700B1399E /* actuator.cpp */ = {isa = PBXFileReference; fileEncoding = 4; lastKnownFileType = sourcecode.cpp.cpp; path = actuator.cpp; sourceTree = "<group>"; };
		C2A0BDDC1D79023700B1399E /* actuator.hpp */ = {isa = PBXFileReference; fileEncoding = 4; lastKnownFileType = sourcecode.cpp.h; path = actuator.hpp; sourceTree = "<group>"; };
		C2FEE65B1D71FFF1007B0FF8 /* visualizer.cpp */ = {isa = PBXFileReference; fileEncoding = 4; lastKnownFileType = sourcecode.cpp.cpp; path = visualizer.cpp; sourceTree = "<group>"; };
		C2FEE65C1D71FFF1007B0FF8 /* visualizer.hpp */ = {isa = PBXFileReference; fileEncoding = 4; lastKnownFileType = sourcecode.cpp.h; path = visualizer.hpp; sourceTree = "<group>"; };
/* End PBXFileReference section */

/* Begin PBXFrameworksBuildPhase section */
		C2109C341D537700001610CC /* Frameworks */ = {
			isa = PBXFrameworksBuildPhase;
			buildActionMask = 2147483647;
			files = (
			);
			runOnlyForDeploymentPostprocessing = 0;
		};
/* End PBXFrameworksBuildPhase section */

/* Begin PBXGroup section */
		C2109C2E1D537700001610CC = {
			isa = PBXGroup;
			children = (
				C2109C391D537700001610CC /* VacuumSimulator */,
				C2109C381D537700001610CC /* Products */,
			);
			sourceTree = "<group>";
		};
		C2109C381D537700001610CC /* Products */ = {
			isa = PBXGroup;
			children = (
				C2109C371D537700001610CC /* VacuumSimulator */,
			);
			name = Products;
			sourceTree = "<group>";
		};
		C2109C391D537700001610CC /* VacuumSimulator */ = {
			isa = PBXGroup;
			children = (
				C2109C581D59330F001610CC /* headers */,
				C2109C591D593322001610CC /* main */,
			);
			path = VacuumSimulator;
			sourceTree = "<group>";
		};
		C2109C581D59330F001610CC /* headers */ = {
			isa = PBXGroup;
			children = (
				C2109C5B1D593E1E001610CC /* sensor.hpp */,
				C2109C461D578CF3001610CC /* simulation.hpp */,
				C2109C491D57918D001610CC /* environment.hpp */,
				C23A72861D676BE400C3AE71 /* dirt_sensor.hpp */,
				C245344F1D67B831008E89C3 /* problem.hpp */,
				C268F0751D6A06CA008A63DB /* proximity_sensor.hpp */,
				C25856361D6BA20700D8762E /* direction_sensor.hpp */,
				C268F0781D6A1AB2008A63DB /* model.hpp */,
				C2A0BDDC1D79023700B1399E /* actuator.hpp */,
				C25856391D6BA21D00D8762E /* location_sensor.hpp */,
				C2FEE65C1D71FFF1007B0FF8 /* visualizer.hpp */,
				C258563F1D6CF40600D8762E /* state.hpp */,
				C258563C1D6CF26400D8762E /* path_searcher.hpp */,
				C268F06F1D6906F2008A63DB /* strategy.hpp */,
				C2109C4C1D57D09F001610CC /* agent.hpp */,
			);
			name = headers;
			sourceTree = "<group>";
		};
		C2109C591D593322001610CC /* main */ = {
			isa = PBXGroup;
			children = (
				C245344E1D67B831008E89C3 /* problem.cpp */,
				C2109C3A1D537700001610CC /* main.cpp */,
				C2109C451D578CF3001610CC /* simulation.cpp */,
				C258563B1D6CF26400D8762E /* path_searcher.cpp */,
				C25856471D6F8FD700D8762E /* direction_sensor.cpp */,
				C25856411D6E1AF400D8762E /* sensor.cpp */,
				C2FEE65B1D71FFF1007B0FF8 /* visualizer.cpp */,
				C2A0BDDB1D79023700B1399E /* actuator.cpp */,
				C258563E1D6CF40600D8762E /* state.cpp */,
				C25856451D6F8ED400D8762E /* proximity_sensor.cpp */,
				C25856491D6F909600D8762E /* location_sensor.cpp */,
				C268F0771D6A1AB2008A63DB /* model.cpp */,
				C25856431D6F86C100D8762E /* dirt_sensor.cpp */,
				C2109C481D57918D001610CC /* environment.cpp */,
				C268F06E1D6906F2008A63DB /* strategy.cpp */,
				C2109C4B1D57D09F001610CC /* agent.cpp */,
			);
			name = main;
			sourceTree = "<group>";
		};
/* End PBXGroup section */

/* Begin PBXNativeTarget section */
		C2109C361D537700001610CC /* VacuumSimulator */ = {
			isa = PBXNativeTarget;
			buildConfigurationList = C2109C3E1D537700001610CC /* Build configuration list for PBXNativeTarget "VacuumSimulator" */;
			buildPhases = (
				C2109C331D537700001610CC /* Sources */,
				C2109C341D537700001610CC /* Frameworks */,
				C2109C351D537700001610CC /* CopyFiles */,
			);
			buildRules = (
			);
			dependencies = (
			);
			name = VacuumSimulator;
			productName = VacuumSimulator;
			productReference = C2109C371D537700001610CC /* VacuumSimulator */;
			productType = "com.apple.product-type.tool";
		};
/* End PBXNativeTarget section */

/* Begin PBXProject section */
		C2109C2F1D537700001610CC /* Project object */ = {
			isa = PBXProject;
			attributes = {
				LastUpgradeCheck = 0720;
				ORGANIZATIONNAME = "Daniel Gehrig";
				TargetAttributes = {
					C2109C361D537700001610CC = {
						CreatedOnToolsVersion = 7.2.1;
					};
				};
			};
			buildConfigurationList = C2109C321D537700001610CC /* Build configuration list for PBXProject "VacuumSimulator" */;
			compatibilityVersion = "Xcode 3.2";
			developmentRegion = English;
			hasScannedForEncodings = 0;
			knownRegions = (
				en,
			);
			mainGroup = C2109C2E1D537700001610CC;
			productRefGroup = C2109C381D537700001610CC /* Products */;
			projectDirPath = "";
			projectRoot = "";
			targets = (
				C2109C361D537700001610CC /* VacuumSimulator */,
			);
		};
/* End PBXProject section */

/* Begin PBXSourcesBuildPhase section */
		C2109C331D537700001610CC /* Sources */ = {
			isa = PBXSourcesBuildPhase;
			buildActionMask = 2147483647;
			files = (
				C2A0BDDD1D79023700B1399E /* actuator.cpp in Sources */,
				C2109C471D578CF3001610CC /* simulation.cpp in Sources */,
				C25856401D6CF40600D8762E /* state.cpp in Sources */,
				C258564A1D6F909600D8762E /* location_sensor.cpp in Sources */,
				C2109C4D1D57D09F001610CC /* agent.cpp in Sources */,
				C268F0791D6A1AB2008A63DB /* model.cpp in Sources */,
				C2FEE65D1D71FFF1007B0FF8 /* visualizer.cpp in Sources */,
				C258563D1D6CF26400D8762E /* path_searcher.cpp in Sources */,
				C25856441D6F86C100D8762E /* dirt_sensor.cpp in Sources */,
				C268F0701D6906F2008A63DB /* strategy.cpp in Sources */,
				C25856461D6F8ED400D8762E /* proximity_sensor.cpp in Sources */,
				C24534501D67B831008E89C3 /* problem.cpp in Sources */,
				C2109C4A1D57918D001610CC /* environment.cpp in Sources */,
				C25856481D6F8FD700D8762E /* direction_sensor.cpp in Sources */,
				C2109C3B1D537700001610CC /* main.cpp in Sources */,
				C25856421D6E1AF400D8762E /* sensor.cpp in Sources */,
			);
			runOnlyForDeploymentPostprocessing = 0;
		};
/* End PBXSourcesBuildPhase section */

/* Begin XCBuildConfiguration section */
		C2109C3C1D537700001610CC /* Debug */ = {
			isa = XCBuildConfiguration;
			buildSettings = {
				ALWAYS_SEARCH_USER_PATHS = NO;
				CLANG_CXX_LANGUAGE_STANDARD = "gnu++0x";
				CLANG_CXX_LIBRARY = "libc++";
				CLANG_ENABLE_MODULES = YES;
				CLANG_ENABLE_OBJC_ARC = YES;
				CLANG_WARN_BOOL_CONVERSION = YES;
				CLANG_WARN_CONSTANT_CONVERSION = YES;
				CLANG_WARN_DIRECT_OBJC_ISA_USAGE = YES_ERROR;
				CLANG_WARN_EMPTY_BODY = YES;
				CLANG_WARN_ENUM_CONVERSION = YES;
				CLANG_WARN_INT_CONVERSION = YES;
				CLANG_WARN_OBJC_ROOT_CLASS = YES_ERROR;
				CLANG_WARN_UNREACHABLE_CODE = YES;
				CLANG_WARN__DUPLICATE_METHOD_MATCH = YES;
				CODE_SIGN_IDENTITY = "-";
				COPY_PHASE_STRIP = NO;
				DEBUG_INFORMATION_FORMAT = dwarf;
				ENABLE_STRICT_OBJC_MSGSEND = YES;
				ENABLE_TESTABILITY = YES;
				GCC_C_LANGUAGE_STANDARD = gnu99;
				GCC_DYNAMIC_NO_PIC = NO;
				GCC_NO_COMMON_BLOCKS = YES;
				GCC_OPTIMIZATION_LEVEL = 0;
				GCC_PREPROCESSOR_DEFINITIONS = (
					"DEBUG=1",
					"$(inherited)",
				);
				GCC_WARN_64_TO_32_BIT_CONVERSION = YES;
				GCC_WARN_ABOUT_RETURN_TYPE = YES_ERROR;
				GCC_WARN_UNDECLARED_SELECTOR = YES;
				GCC_WARN_UNINITIALIZED_AUTOS = YES_AGGRESSIVE;
				GCC_WARN_UNUSED_FUNCTION = YES;
				GCC_WARN_UNUSED_VARIABLE = YES;
				MACOSX_DEPLOYMENT_TARGET = 10.11;
				MTL_ENABLE_DEBUG_INFO = YES;
				ONLY_ACTIVE_ARCH = YES;
				SDKROOT = macosx;
			};
			name = Debug;
		};
		C2109C3D1D537700001610CC /* Release */ = {
			isa = XCBuildConfiguration;
			buildSettings = {
				ALWAYS_SEARCH_USER_PATHS = NO;
				CLANG_CXX_LANGUAGE_STANDARD = "gnu++0x";
				CLANG_CXX_LIBRARY = "libc++";
				CLANG_ENABLE_MODULES = YES;
				CLANG_ENABLE_OBJC_ARC = YES;
				CLANG_WARN_BOOL_CONVERSION = YES;
				CLANG_WARN_CONSTANT_CONVERSION = YES;
				CLANG_WARN_DIRECT_OBJC_ISA_USAGE = YES_ERROR;
				CLANG_WARN_EMPTY_BODY = YES;
				CLANG_WARN_ENUM_CONVERSION = YES;
				CLANG_WARN_INT_CONVERSION = YES;
				CLANG_WARN_OBJC_ROOT_CLASS = YES_ERROR;
				CLANG_WARN_UNREACHABLE_CODE = YES;
				CLANG_WARN__DUPLICATE_METHOD_MATCH = YES;
				CODE_SIGN_IDENTITY = "-";
				COPY_PHASE_STRIP = NO;
				DEBUG_INFORMATION_FORMAT = "dwarf-with-dsym";
				ENABLE_NS_ASSERTIONS = NO;
				ENABLE_STRICT_OBJC_MSGSEND = YES;
				GCC_C_LANGUAGE_STANDARD = gnu99;
				GCC_NO_COMMON_BLOCKS = YES;
				GCC_WARN_64_TO_32_BIT_CONVERSION = YES;
				GCC_WARN_ABOUT_RETURN_TYPE = YES_ERROR;
				GCC_WARN_UNDECLARED_SELECTOR = YES;
				GCC_WARN_UNINITIALIZED_AUTOS = YES_AGGRESSIVE;
				GCC_WARN_UNUSED_FUNCTION = YES;
				GCC_WARN_UNUSED_VARIABLE = YES;
				MACOSX_DEPLOYMENT_TARGET = 10.11;
				MTL_ENABLE_DEBUG_INFO = NO;
				SDKROOT = macosx;
			};
			name = Release;
		};
		C2109C3F1D537700001610CC /* Debug */ = {
			isa = XCBuildConfiguration;
			buildSettings = {
				PRODUCT_NAME = "$(TARGET_NAME)";
			};
			name = Debug;
		};
		C2109C401D537700001610CC /* Release */ = {
			isa = XCBuildConfiguration;
			buildSettings = {
				PRODUCT_NAME = "$(TARGET_NAME)";
			};
			name = Release;
		};
/* End XCBuildConfiguration section */

/* Begin XCConfigurationList section */
		C2109C321D537700001610CC /* Build configuration list for PBXProject "VacuumSimulator" */ = {
			isa = XCConfigurationList;
			buildConfigurations = (
				C2109C3C1D537700001610CC /* Debug */,
				C2109C3D1D537700001610CC /* Release */,
			);
			defaultConfigurationIsVisible = 0;
			defaultConfigurationName = Release;
		};
		C2109C3E1D537700001610CC /* Build configuration list for PBXNativeTarget "VacuumSimulator" */ = {
			isa = XCConfigurationList;
			buildConfigurations = (
				C2109C3F1D537700001610CC /* Debug */,
				C2109C401D537700001610CC /* Release */,
			);
			defaultConfigurationIsVisible = 0;
			defaultConfigurationName = Release;
		};
/* End XCConfigurationList section */
	};
	rootObject = C2109C2F1D537700001610CC /* Project object */;
}
